// !$*UTF8*$!
{
	archiveVersion = 1;
	classes = {
	};
	objectVersion = 56;
	objects = {

/* Begin PBXBuildFile section */
		247A5CE22AB0E5D700945911 /* AppDelegate.swift in Sources */ = {isa = PBXBuildFile; fileRef = 247A5CE12AB0E5D700945911 /* AppDelegate.swift */; };
		247A5CE42AB0E5D700945911 /* SceneDelegate.swift in Sources */ = {isa = PBXBuildFile; fileRef = 247A5CE32AB0E5D700945911 /* SceneDelegate.swift */; };
		247A5CE62AB0E5D700945911 /* ConversationsViewController.swift in Sources */ = {isa = PBXBuildFile; fileRef = 247A5CE52AB0E5D700945911 /* ConversationsViewController.swift */; };
		247A5CE92AB0E5D700945911 /* Main.storyboard in Resources */ = {isa = PBXBuildFile; fileRef = 247A5CE72AB0E5D700945911 /* Main.storyboard */; };
		247A5CEB2AB0E5D700945911 /* Assets.xcassets in Resources */ = {isa = PBXBuildFile; fileRef = 247A5CEA2AB0E5D700945911 /* Assets.xcassets */; };
		247A5CEE2AB0E5D700945911 /* LaunchScreen.storyboard in Resources */ = {isa = PBXBuildFile; fileRef = 247A5CEC2AB0E5D700945911 /* LaunchScreen.storyboard */; };
		247A5CFC2AB0EBC100945911 /* LoginViewController.swift in Sources */ = {isa = PBXBuildFile; fileRef = 247A5CFB2AB0EBC100945911 /* LoginViewController.swift */; };
		247A5CFE2AB0EBE500945911 /* RegisterViewController.swift in Sources */ = {isa = PBXBuildFile; fileRef = 247A5CFD2AB0EBE500945911 /* RegisterViewController.swift */; };
		247A5D002AB0EC1800945911 /* PhotoViewerViewController.swift in Sources */ = {isa = PBXBuildFile; fileRef = 247A5CFF2AB0EC1800945911 /* PhotoViewerViewController.swift */; };
		247A5D022AB0EC5900945911 /* VideoPlayerViewController.swift in Sources */ = {isa = PBXBuildFile; fileRef = 247A5D012AB0EC5900945911 /* VideoPlayerViewController.swift */; };
		247A5D042AB0ECC600945911 /* NewConversationViewController.swift in Sources */ = {isa = PBXBuildFile; fileRef = 247A5D032AB0ECC600945911 /* NewConversationViewController.swift */; };
		247A5D062AB0ECEA00945911 /* ProfileViewController.swift in Sources */ = {isa = PBXBuildFile; fileRef = 247A5D052AB0ECEA00945911 /* ProfileViewController.swift */; };
		247A5D092AB102AF00945911 /* Extensions.swift in Sources */ = {isa = PBXBuildFile; fileRef = 247A5D082AB102AF00945911 /* Extensions.swift */; };
		C7AB7FCAB3832D4EA9EFDD79 /* Pods_first_messenger.framework in Frameworks */ = {isa = PBXBuildFile; fileRef = A57CA12DC43E8F2B3424BC4D /* Pods_first_messenger.framework */; };
/* End PBXBuildFile section */

/* Begin PBXFileReference section */
		247A5CDE2AB0E5D700945911 /* first_messenger.app */ = {isa = PBXFileReference; explicitFileType = wrapper.application; includeInIndex = 0; path = first_messenger.app; sourceTree = BUILT_PRODUCTS_DIR; };
		247A5CE12AB0E5D700945911 /* AppDelegate.swift */ = {isa = PBXFileReference; lastKnownFileType = sourcecode.swift; path = AppDelegate.swift; sourceTree = "<group>"; };
		247A5CE32AB0E5D700945911 /* SceneDelegate.swift */ = {isa = PBXFileReference; lastKnownFileType = sourcecode.swift; path = SceneDelegate.swift; sourceTree = "<group>"; };
		247A5CE52AB0E5D700945911 /* ConversationsViewController.swift */ = {isa = PBXFileReference; lastKnownFileType = sourcecode.swift; path = ConversationsViewController.swift; sourceTree = "<group>"; };
		247A5CE82AB0E5D700945911 /* Base */ = {isa = PBXFileReference; lastKnownFileType = file.storyboard; name = Base; path = Base.lproj/Main.storyboard; sourceTree = "<group>"; };
		247A5CEA2AB0E5D700945911 /* Assets.xcassets */ = {isa = PBXFileReference; lastKnownFileType = folder.assetcatalog; path = Assets.xcassets; sourceTree = "<group>"; };
		247A5CED2AB0E5D700945911 /* Base */ = {isa = PBXFileReference; lastKnownFileType = file.storyboard; name = Base; path = Base.lproj/LaunchScreen.storyboard; sourceTree = "<group>"; };
		247A5CEF2AB0E5D700945911 /* Info.plist */ = {isa = PBXFileReference; lastKnownFileType = text.plist.xml; path = Info.plist; sourceTree = "<group>"; };
		247A5CFB2AB0EBC100945911 /* LoginViewController.swift */ = {isa = PBXFileReference; lastKnownFileType = sourcecode.swift; path = LoginViewController.swift; sourceTree = "<group>"; };
		247A5CFD2AB0EBE500945911 /* RegisterViewController.swift */ = {isa = PBXFileReference; lastKnownFileType = sourcecode.swift; path = RegisterViewController.swift; sourceTree = "<group>"; };
		247A5CFF2AB0EC1800945911 /* PhotoViewerViewController.swift */ = {isa = PBXFileReference; lastKnownFileType = sourcecode.swift; path = PhotoViewerViewController.swift; sourceTree = "<group>"; };
		247A5D012AB0EC5900945911 /* VideoPlayerViewController.swift */ = {isa = PBXFileReference; lastKnownFileType = sourcecode.swift; path = VideoPlayerViewController.swift; sourceTree = "<group>"; };
		247A5D032AB0ECC600945911 /* NewConversationViewController.swift */ = {isa = PBXFileReference; lastKnownFileType = sourcecode.swift; path = NewConversationViewController.swift; sourceTree = "<group>"; };
		247A5D052AB0ECEA00945911 /* ProfileViewController.swift */ = {isa = PBXFileReference; lastKnownFileType = sourcecode.swift; path = ProfileViewController.swift; sourceTree = "<group>"; };
		247A5D082AB102AF00945911 /* Extensions.swift */ = {isa = PBXFileReference; lastKnownFileType = sourcecode.swift; path = Extensions.swift; sourceTree = "<group>"; };
		8A22FEC396E4C8281B782FE2 /* Pods-first_messenger.debug.xcconfig */ = {isa = PBXFileReference; includeInIndex = 1; lastKnownFileType = text.xcconfig; name = "Pods-first_messenger.debug.xcconfig"; path = "Target Support Files/Pods-first_messenger/Pods-first_messenger.debug.xcconfig"; sourceTree = "<group>"; };
		A57CA12DC43E8F2B3424BC4D /* Pods_first_messenger.framework */ = {isa = PBXFileReference; explicitFileType = wrapper.framework; includeInIndex = 0; path = Pods_first_messenger.framework; sourceTree = BUILT_PRODUCTS_DIR; };
		ED61C8FADFB21A7476552EAD /* Pods-first_messenger.release.xcconfig */ = {isa = PBXFileReference; includeInIndex = 1; lastKnownFileType = text.xcconfig; name = "Pods-first_messenger.release.xcconfig"; path = "Target Support Files/Pods-first_messenger/Pods-first_messenger.release.xcconfig"; sourceTree = "<group>"; };
/* End PBXFileReference section */

/* Begin PBXFrameworksBuildPhase section */
		247A5CDB2AB0E5D700945911 /* Frameworks */ = {
			isa = PBXFrameworksBuildPhase;
			buildActionMask = 2147483647;
			files = (
				C7AB7FCAB3832D4EA9EFDD79 /* Pods_first_messenger.framework in Frameworks */,
			);
			runOnlyForDeploymentPostprocessing = 0;
		};
/* End PBXFrameworksBuildPhase section */

/* Begin PBXGroup section */
		247A5CD52AB0E5D600945911 = {
			isa = PBXGroup;
			children = (
				247A5CE02AB0E5D700945911 /* first_messenger */,
				247A5CDF2AB0E5D700945911 /* Products */,
				68DC15EEF707C24242DA9440 /* Pods */,
				AE04E67CA506687F58CBAD4F /* Frameworks */,
			);
			sourceTree = "<group>";
		};
		247A5CDF2AB0E5D700945911 /* Products */ = {
			isa = PBXGroup;
			children = (
				247A5CDE2AB0E5D700945911 /* first_messenger.app */,
			);
			name = Products;
			sourceTree = "<group>";
		};
		247A5CE02AB0E5D700945911 /* first_messenger */ = {
			isa = PBXGroup;
			children = (
				247A5CF92AB0E95800945911 /* Resources */,
				247A5CF82AB0E94600945911 /* ViewModels */,
				247A5CF72AB0E93C00945911 /* Models */,
				247A5CF62AB0E93000945911 /* Views */,
				247A5CF52AB0E91900945911 /* Controllers */,
				247A5CEF2AB0E5D700945911 /* Info.plist */,
			);
			path = first_messenger;
			sourceTree = "<group>";
		};
		247A5CF52AB0E91900945911 /* Controllers */ = {
			isa = PBXGroup;
			children = (
				247A5CE52AB0E5D700945911 /* ConversationsViewController.swift */,
				247A5D072AB0F0E000945911 /* Login */,
				247A5CFF2AB0EC1800945911 /* PhotoViewerViewController.swift */,
				247A5D012AB0EC5900945911 /* VideoPlayerViewController.swift */,
				247A5D032AB0ECC600945911 /* NewConversationViewController.swift */,
				247A5D052AB0ECEA00945911 /* ProfileViewController.swift */,
			);
			path = Controllers;
			sourceTree = "<group>";
		};
		247A5CF62AB0E93000945911 /* Views */ = {
			isa = PBXGroup;
			children = (
				247A5CFA2AB0E9B500945911 /* Storyboards */,
				247A5CEA2AB0E5D700945911 /* Assets.xcassets */,
			);
			path = Views;
			sourceTree = "<group>";
		};
		247A5CF72AB0E93C00945911 /* Models */ = {
			isa = PBXGroup;
			children = (
			);
			path = Models;
			sourceTree = "<group>";
		};
		247A5CF82AB0E94600945911 /* ViewModels */ = {
			isa = PBXGroup;
			children = (
			);
			path = ViewModels;
			sourceTree = "<group>";
		};
		247A5CF92AB0E95800945911 /* Resources */ = {
			isa = PBXGroup;
			children = (
				247A5CE12AB0E5D700945911 /* AppDelegate.swift */,
				247A5CE32AB0E5D700945911 /* SceneDelegate.swift */,
				247A5D082AB102AF00945911 /* Extensions.swift */,
			);
			path = Resources;
			sourceTree = "<group>";
		};
		247A5CFA2AB0E9B500945911 /* Storyboards */ = {
			isa = PBXGroup;
			children = (
				247A5CE72AB0E5D700945911 /* Main.storyboard */,
				247A5CEC2AB0E5D700945911 /* LaunchScreen.storyboard */,
			);
			path = Storyboards;
			sourceTree = "<group>";
		};
		247A5D072AB0F0E000945911 /* Login */ = {
			isa = PBXGroup;
			children = (
				247A5CFB2AB0EBC100945911 /* LoginViewController.swift */,
				247A5CFD2AB0EBE500945911 /* RegisterViewController.swift */,
			);
			path = Login;
			sourceTree = "<group>";
		};
		68DC15EEF707C24242DA9440 /* Pods */ = {
			isa = PBXGroup;
			children = (
				8A22FEC396E4C8281B782FE2 /* Pods-first_messenger.debug.xcconfig */,
				ED61C8FADFB21A7476552EAD /* Pods-first_messenger.release.xcconfig */,
			);
			name = Pods;
			path = Pods;
			sourceTree = "<group>";
		};
		AE04E67CA506687F58CBAD4F /* Frameworks */ = {
			isa = PBXGroup;
			children = (
				A57CA12DC43E8F2B3424BC4D /* Pods_first_messenger.framework */,
			);
			name = Frameworks;
			sourceTree = "<group>";
		};
/* End PBXGroup section */

/* Begin PBXNativeTarget section */
		247A5CDD2AB0E5D700945911 /* first_messenger */ = {
			isa = PBXNativeTarget;
			buildConfigurationList = 247A5CF22AB0E5D700945911 /* Build configuration list for PBXNativeTarget "first_messenger" */;
			buildPhases = (
				6DDBCD585A275DC3A46E5B59 /* [CP] Check Pods Manifest.lock */,
				247A5CDA2AB0E5D700945911 /* Sources */,
				247A5CDB2AB0E5D700945911 /* Frameworks */,
				247A5CDC2AB0E5D700945911 /* Resources */,
				7FE3A1C965520E740125B251 /* [CP] Embed Pods Frameworks */,
			);
			buildRules = (
			);
			dependencies = (
			);
			name = first_messenger;
			productName = first_messenger;
			productReference = 247A5CDE2AB0E5D700945911 /* first_messenger.app */;
			productType = "com.apple.product-type.application";
		};
/* End PBXNativeTarget section */

/* Begin PBXProject section */
		247A5CD62AB0E5D600945911 /* Project object */ = {
			isa = PBXProject;
			attributes = {
				BuildIndependentTargetsInParallel = 1;
				LastSwiftUpdateCheck = 1410;
				LastUpgradeCheck = 1410;
				TargetAttributes = {
					247A5CDD2AB0E5D700945911 = {
						CreatedOnToolsVersion = 14.1;
					};
				};
			};
			buildConfigurationList = 247A5CD92AB0E5D600945911 /* Build configuration list for PBXProject "first_messenger" */;
			compatibilityVersion = "Xcode 14.0";
			developmentRegion = en;
			hasScannedForEncodings = 0;
			knownRegions = (
				en,
				Base,
			);
			mainGroup = 247A5CD52AB0E5D600945911;
			productRefGroup = 247A5CDF2AB0E5D700945911 /* Products */;
			projectDirPath = "";
			projectRoot = "";
			targets = (
				247A5CDD2AB0E5D700945911 /* first_messenger */,
			);
		};
/* End PBXProject section */

/* Begin PBXResourcesBuildPhase section */
		247A5CDC2AB0E5D700945911 /* Resources */ = {
			isa = PBXResourcesBuildPhase;
			buildActionMask = 2147483647;
			files = (
				247A5CEE2AB0E5D700945911 /* LaunchScreen.storyboard in Resources */,
				247A5CEB2AB0E5D700945911 /* Assets.xcassets in Resources */,
				247A5CE92AB0E5D700945911 /* Main.storyboard in Resources */,
			);
			runOnlyForDeploymentPostprocessing = 0;
		};
/* End PBXResourcesBuildPhase section */

/* Begin PBXShellScriptBuildPhase section */
		6DDBCD585A275DC3A46E5B59 /* [CP] Check Pods Manifest.lock */ = {
			isa = PBXShellScriptBuildPhase;
			buildActionMask = 2147483647;
			files = (
			);
			inputFileListPaths = (
			);
			inputPaths = (
				"${PODS_PODFILE_DIR_PATH}/Podfile.lock",
				"${PODS_ROOT}/Manifest.lock",
			);
			name = "[CP] Check Pods Manifest.lock";
			outputFileListPaths = (
			);
			outputPaths = (
				"$(DERIVED_FILE_DIR)/Pods-first_messenger-checkManifestLockResult.txt",
			);
			runOnlyForDeploymentPostprocessing = 0;
			shellPath = /bin/sh;
			shellScript = "diff \"${PODS_PODFILE_DIR_PATH}/Podfile.lock\" \"${PODS_ROOT}/Manifest.lock\" > /dev/null\nif [ $? != 0 ] ; then\n    # print error to STDERR\n    echo \"error: The sandbox is not in sync with the Podfile.lock. Run 'pod install' or update your CocoaPods installation.\" >&2\n    exit 1\nfi\n# This output is used by Xcode 'outputs' to avoid re-running this script phase.\necho \"SUCCESS\" > \"${SCRIPT_OUTPUT_FILE_0}\"\n";
			showEnvVarsInLog = 0;
		};
		7FE3A1C965520E740125B251 /* [CP] Embed Pods Frameworks */ = {
			isa = PBXShellScriptBuildPhase;
			buildActionMask = 2147483647;
			files = (
			);
			inputFileListPaths = (
				"${PODS_ROOT}/Target Support Files/Pods-first_messenger/Pods-first_messenger-frameworks-${CONFIGURATION}-input-files.xcfilelist",
			);
			name = "[CP] Embed Pods Frameworks";
			outputFileListPaths = (
				"${PODS_ROOT}/Target Support Files/Pods-first_messenger/Pods-first_messenger-frameworks-${CONFIGURATION}-output-files.xcfilelist",
			);
			runOnlyForDeploymentPostprocessing = 0;
			shellPath = /bin/sh;
			shellScript = "\"${PODS_ROOT}/Target Support Files/Pods-first_messenger/Pods-first_messenger-frameworks.sh\"\n";
			showEnvVarsInLog = 0;
		};
/* End PBXShellScriptBuildPhase section */

/* Begin PBXSourcesBuildPhase section */
		247A5CDA2AB0E5D700945911 /* Sources */ = {
			isa = PBXSourcesBuildPhase;
			buildActionMask = 2147483647;
			files = (
				247A5CFC2AB0EBC100945911 /* LoginViewController.swift in Sources */,
				247A5CFE2AB0EBE500945911 /* RegisterViewController.swift in Sources */,
				247A5D042AB0ECC600945911 /* NewConversationViewController.swift in Sources */,
				247A5CE62AB0E5D700945911 /* ConversationsViewController.swift in Sources */,
				247A5D022AB0EC5900945911 /* VideoPlayerViewController.swift in Sources */,
				247A5D092AB102AF00945911 /* Extensions.swift in Sources */,
				247A5CE22AB0E5D700945911 /* AppDelegate.swift in Sources */,
				247A5D062AB0ECEA00945911 /* ProfileViewController.swift in Sources */,
				247A5CE42AB0E5D700945911 /* SceneDelegate.swift in Sources */,
				247A5D002AB0EC1800945911 /* PhotoViewerViewController.swift in Sources */,
			);
			runOnlyForDeploymentPostprocessing = 0;
		};
/* End PBXSourcesBuildPhase section */

/* Begin PBXVariantGroup section */
		247A5CE72AB0E5D700945911 /* Main.storyboard */ = {
			isa = PBXVariantGroup;
			children = (
				247A5CE82AB0E5D700945911 /* Base */,
			);
			name = Main.storyboard;
			sourceTree = "<group>";
		};
		247A5CEC2AB0E5D700945911 /* LaunchScreen.storyboard */ = {
			isa = PBXVariantGroup;
			children = (
				247A5CED2AB0E5D700945911 /* Base */,
			);
			name = LaunchScreen.storyboard;
			sourceTree = "<group>";
		};
/* End PBXVariantGroup section */

/* Begin XCBuildConfiguration section */
		247A5CF02AB0E5D700945911 /* Debug */ = {
			isa = XCBuildConfiguration;
			buildSettings = {
				ALWAYS_SEARCH_USER_PATHS = NO;
				CLANG_ANALYZER_NONNULL = YES;
				CLANG_ANALYZER_NUMBER_OBJECT_CONVERSION = YES_AGGRESSIVE;
				CLANG_CXX_LANGUAGE_STANDARD = "gnu++20";
				CLANG_ENABLE_MODULES = YES;
				CLANG_ENABLE_OBJC_ARC = YES;
				CLANG_ENABLE_OBJC_WEAK = YES;
				CLANG_WARN_BLOCK_CAPTURE_AUTORELEASING = YES;
				CLANG_WARN_BOOL_CONVERSION = YES;
				CLANG_WARN_COMMA = YES;
				CLANG_WARN_CONSTANT_CONVERSION = YES;
				CLANG_WARN_DEPRECATED_OBJC_IMPLEMENTATIONS = YES;
				CLANG_WARN_DIRECT_OBJC_ISA_USAGE = YES_ERROR;
				CLANG_WARN_DOCUMENTATION_COMMENTS = YES;
				CLANG_WARN_EMPTY_BODY = YES;
				CLANG_WARN_ENUM_CONVERSION = YES;
				CLANG_WARN_INFINITE_RECURSION = YES;
				CLANG_WARN_INT_CONVERSION = YES;
				CLANG_WARN_NON_LITERAL_NULL_CONVERSION = YES;
				CLANG_WARN_OBJC_IMPLICIT_RETAIN_SELF = YES;
				CLANG_WARN_OBJC_LITERAL_CONVERSION = YES;
				CLANG_WARN_OBJC_ROOT_CLASS = YES_ERROR;
				CLANG_WARN_QUOTED_INCLUDE_IN_FRAMEWORK_HEADER = YES;
				CLANG_WARN_RANGE_LOOP_ANALYSIS = YES;
				CLANG_WARN_STRICT_PROTOTYPES = YES;
				CLANG_WARN_SUSPICIOUS_MOVE = YES;
				CLANG_WARN_UNGUARDED_AVAILABILITY = YES_AGGRESSIVE;
				CLANG_WARN_UNREACHABLE_CODE = YES;
				CLANG_WARN__DUPLICATE_METHOD_MATCH = YES;
				COPY_PHASE_STRIP = NO;
				DEBUG_INFORMATION_FORMAT = dwarf;
				ENABLE_STRICT_OBJC_MSGSEND = YES;
				ENABLE_TESTABILITY = YES;
				GCC_C_LANGUAGE_STANDARD = gnu11;
				GCC_DYNAMIC_NO_PIC = NO;
				GCC_NO_COMMON_BLOCKS = YES;
				GCC_OPTIMIZATION_LEVEL = 0;
				GCC_PREPROCESSOR_DEFINITIONS = (
					"DEBUG=1",
					"$(inherited)",
				);
				GCC_WARN_64_TO_32_BIT_CONVERSION = YES;
				GCC_WARN_ABOUT_RETURN_TYPE = YES_ERROR;
				GCC_WARN_UNDECLARED_SELECTOR = YES;
				GCC_WARN_UNINITIALIZED_AUTOS = YES_AGGRESSIVE;
				GCC_WARN_UNUSED_FUNCTION = YES;
				GCC_WARN_UNUSED_VARIABLE = YES;
				IPHONEOS_DEPLOYMENT_TARGET = 16.1;
				MTL_ENABLE_DEBUG_INFO = INCLUDE_SOURCE;
				MTL_FAST_MATH = YES;
				ONLY_ACTIVE_ARCH = YES;
				SDKROOT = iphoneos;
				SWIFT_ACTIVE_COMPILATION_CONDITIONS = DEBUG;
				SWIFT_OPTIMIZATION_LEVEL = "-Onone";
			};
			name = Debug;
		};
		247A5CF12AB0E5D700945911 /* Release */ = {
			isa = XCBuildConfiguration;
			buildSettings = {
				ALWAYS_SEARCH_USER_PATHS = NO;
				CLANG_ANALYZER_NONNULL = YES;
				CLANG_ANALYZER_NUMBER_OBJECT_CONVERSION = YES_AGGRESSIVE;
				CLANG_CXX_LANGUAGE_STANDARD = "gnu++20";
				CLANG_ENABLE_MODULES = YES;
				CLANG_ENABLE_OBJC_ARC = YES;
				CLANG_ENABLE_OBJC_WEAK = YES;
				CLANG_WARN_BLOCK_CAPTURE_AUTORELEASING = YES;
				CLANG_WARN_BOOL_CONVERSION = YES;
				CLANG_WARN_COMMA = YES;
				CLANG_WARN_CONSTANT_CONVERSION = YES;
				CLANG_WARN_DEPRECATED_OBJC_IMPLEMENTATIONS = YES;
				CLANG_WARN_DIRECT_OBJC_ISA_USAGE = YES_ERROR;
				CLANG_WARN_DOCUMENTATION_COMMENTS = YES;
				CLANG_WARN_EMPTY_BODY = YES;
				CLANG_WARN_ENUM_CONVERSION = YES;
				CLANG_WARN_INFINITE_RECURSION = YES;
				CLANG_WARN_INT_CONVERSION = YES;
				CLANG_WARN_NON_LITERAL_NULL_CONVERSION = YES;
				CLANG_WARN_OBJC_IMPLICIT_RETAIN_SELF = YES;
				CLANG_WARN_OBJC_LITERAL_CONVERSION = YES;
				CLANG_WARN_OBJC_ROOT_CLASS = YES_ERROR;
				CLANG_WARN_QUOTED_INCLUDE_IN_FRAMEWORK_HEADER = YES;
				CLANG_WARN_RANGE_LOOP_ANALYSIS = YES;
				CLANG_WARN_STRICT_PROTOTYPES = YES;
				CLANG_WARN_SUSPICIOUS_MOVE = YES;
				CLANG_WARN_UNGUARDED_AVAILABILITY = YES_AGGRESSIVE;
				CLANG_WARN_UNREACHABLE_CODE = YES;
				CLANG_WARN__DUPLICATE_METHOD_MATCH = YES;
				COPY_PHASE_STRIP = NO;
				DEBUG_INFORMATION_FORMAT = "dwarf-with-dsym";
				ENABLE_NS_ASSERTIONS = NO;
				ENABLE_STRICT_OBJC_MSGSEND = YES;
				GCC_C_LANGUAGE_STANDARD = gnu11;
				GCC_NO_COMMON_BLOCKS = YES;
				GCC_WARN_64_TO_32_BIT_CONVERSION = YES;
				GCC_WARN_ABOUT_RETURN_TYPE = YES_ERROR;
				GCC_WARN_UNDECLARED_SELECTOR = YES;
				GCC_WARN_UNINITIALIZED_AUTOS = YES_AGGRESSIVE;
				GCC_WARN_UNUSED_FUNCTION = YES;
				GCC_WARN_UNUSED_VARIABLE = YES;
				IPHONEOS_DEPLOYMENT_TARGET = 16.1;
				MTL_ENABLE_DEBUG_INFO = NO;
				MTL_FAST_MATH = YES;
				SDKROOT = iphoneos;
				SWIFT_COMPILATION_MODE = wholemodule;
				SWIFT_OPTIMIZATION_LEVEL = "-O";
				VALIDATE_PRODUCT = YES;
			};
			name = Release;
		};
		247A5CF32AB0E5D700945911 /* Debug */ = {
			isa = XCBuildConfiguration;
			baseConfigurationReference = 8A22FEC396E4C8281B782FE2 /* Pods-first_messenger.debug.xcconfig */;
			buildSettings = {
				ASSETCATALOG_COMPILER_APPICON_NAME = AppIcon;
				ASSETCATALOG_COMPILER_GLOBAL_ACCENT_COLOR_NAME = AccentColor;
				CODE_SIGN_STYLE = Automatic;
				CURRENT_PROJECT_VERSION = 1;
				DEVELOPMENT_TEAM = Y7995ZQM56;
				GENERATE_INFOPLIST_FILE = YES;
				INFOPLIST_FILE = first_messenger/Info.plist;
				INFOPLIST_KEY_UIApplicationSupportsIndirectInputEvents = YES;
				INFOPLIST_KEY_UILaunchStoryboardName = LaunchScreen;
				INFOPLIST_KEY_UIMainStoryboardFile = Main;
				INFOPLIST_KEY_UISupportedInterfaceOrientations = UIInterfaceOrientationPortrait;
				LD_RUNPATH_SEARCH_PATHS = (
					"$(inherited)",
					"@executable_path/Frameworks",
				);
				MARKETING_VERSION = 1.0;
				PRODUCT_BUNDLE_IDENTIFIER = "kornilov.ux.first-messenger";
				PRODUCT_NAME = "$(TARGET_NAME)";
				SUPPORTED_PLATFORMS = "iphoneos iphonesimulator";
				SUPPORTS_MACCATALYST = NO;
				SUPPORTS_MAC_DESIGNED_FOR_IPHONE_IPAD = NO;
				SWIFT_EMIT_LOC_STRINGS = YES;
				SWIFT_VERSION = 5.0;
				TARGETED_DEVICE_FAMILY = "1,2";
			};
			name = Debug;
		};
		247A5CF42AB0E5D700945911 /* Release */ = {
			isa = XCBuildConfiguration;
			baseConfigurationReference = ED61C8FADFB21A7476552EAD /* Pods-first_messenger.release.xcconfig */;
			buildSettings = {
				ASSETCATALOG_COMPILER_APPICON_NAME = AppIcon;
				ASSETCATALOG_COMPILER_GLOBAL_ACCENT_COLOR_NAME = AccentColor;
				CODE_SIGN_STYLE = Automatic;
				CURRENT_PROJECT_VERSION = 1;
				DEVELOPMENT_TEAM = Y7995ZQM56;
				GENERATE_INFOPLIST_FILE = YES;
				INFOPLIST_FILE = first_messenger/Info.plist;
				INFOPLIST_KEY_UIApplicationSupportsIndirectInputEvents = YES;
				INFOPLIST_KEY_UILaunchStoryboardName = LaunchScreen;
				INFOPLIST_KEY_UIMainStoryboardFile = Main;
				INFOPLIST_KEY_UISupportedInterfaceOrientations = UIInterfaceOrientationPortrait;
				LD_RUNPATH_SEARCH_PATHS = (
					"$(inherited)",
					"@executable_path/Frameworks",
				);
				MARKETING_VERSION = 1.0;
				PRODUCT_BUNDLE_IDENTIFIER = "kornilov.ux.first-messenger";
				PRODUCT_NAME = "$(TARGET_NAME)";
				SUPPORTED_PLATFORMS = "iphoneos iphonesimulator";
				SUPPORTS_MACCATALYST = NO;
				SUPPORTS_MAC_DESIGNED_FOR_IPHONE_IPAD = NO;
				SWIFT_EMIT_LOC_STRINGS = YES;
				SWIFT_VERSION = 5.0;
				TARGETED_DEVICE_FAMILY = "1,2";
			};
			name = Release;
		};
/* End XCBuildConfiguration section */

/* Begin XCConfigurationList section */
		247A5CD92AB0E5D600945911 /* Build configuration list for PBXProject "first_messenger" */ = {
			isa = XCConfigurationList;
			buildConfigurations = (
				247A5CF02AB0E5D700945911 /* Debug */,
				247A5CF12AB0E5D700945911 /* Release */,
			);
			defaultConfigurationIsVisible = 0;
			defaultConfigurationName = Release;
		};
		247A5CF22AB0E5D700945911 /* Build configuration list for PBXNativeTarget "first_messenger" */ = {
			isa = XCConfigurationList;
			buildConfigurations = (
				247A5CF32AB0E5D700945911 /* Debug */,
				247A5CF42AB0E5D700945911 /* Release */,
			);
			defaultConfigurationIsVisible = 0;
			defaultConfigurationName = Release;
		};
/* End XCConfigurationList section */
	};
	rootObject = 247A5CD62AB0E5D600945911 /* Project object */;
}
